
Microsoft Visual Studio Solution File, Format Version 12.00
# Visual Studio Version 16
VisualStudioVersion = 16.0.29209.62
MinimumVisualStudioVersion = 10.0.40219.1
Project("{9A19103F-16F7-4668-BE54-9A1E7A4F7556}") = "pat", "pat\pat.csproj", "{31672E6C-D194-4626-8B85-10E53A44BE1B}"
EndProject
Project("{9A19103F-16F7-4668-BE54-9A1E7A4F7556}") = "Singleton", "Singleton\Singleton.csproj", "{C6D81DAE-20D9-4BB4-A31E-3C1500A0BFE7}"
EndProject
Project("{2150E333-8FDC-42A3-9474-1A3956D46DE8}") = "Burn", "Burn", "{54B7452F-69A7-4DFF-A80F-2781497AEED5}"
EndProject
Project("{9A19103F-16F7-4668-BE54-9A1E7A4F7556}") = "FactoryMethod", "FactoryMethod\FactoryMethod.csproj", "{4E7080C0-3F80-4F90-B53D-622018FAA0BF}"
EndProject
Project("{9A19103F-16F7-4668-BE54-9A1E7A4F7556}") = "Builder", "Builder\Builder.csproj", "{87938575-76F9-419B-BBA8-59780DB7D3E2}"
EndProject
Project("{9A19103F-16F7-4668-BE54-9A1E7A4F7556}") = "Prototype", "Prototype\Prototype.csproj", "{A079A867-B052-436E-A118-6F92CE0A5D31}"
EndProject
Project("{9A19103F-16F7-4668-BE54-9A1E7A4F7556}") = "AbstructFactory", "AbstructFactory\AbstructFactory.csproj", "{94F444BD-6F37-4B07-8ED0-618F51BC3BFC}"
EndProject
Project("{2150E333-8FDC-42A3-9474-1A3956D46DE8}") = "MyImplementations", "MyImplementations", "{936363FE-DD56-4D6E-B070-B7F6B8E93785}"
EndProject
Project("{9A19103F-16F7-4668-BE54-9A1E7A4F7556}") = "MyFactoryMethod", "MyFactoryMethod\MyFactoryMethod.csproj", "{C3C3FD04-0DAD-454F-8C54-1B4A4C862E50}"
EndProject
Project("{9A19103F-16F7-4668-BE54-9A1E7A4F7556}") = "MyAbstructFuctory", "MyAbstructFuctory\MyAbstructFuctory.csproj", "{0C03EB2A-FB26-42D1-BE7F-AEE70685EEFD}"
EndProject
Project("{9A19103F-16F7-4668-BE54-9A1E7A4F7556}") = "MySingl", "MySingl\MySingl.csproj", "{B8F14155-6A2E-462E-97D8-FFA9E949B5F4}"
EndProject
Project("{9A19103F-16F7-4668-BE54-9A1E7A4F7556}") = "MyBuilder", "MyBuilder\MyBuilder.csproj", "{C9817CFC-4209-4E5D-9490-FCCBAC875556}"
EndProject
Project("{9A19103F-16F7-4668-BE54-9A1E7A4F7556}") = "MyPrototype", "MyPrototype\MyPrototype.csproj", "{7EF4110D-A560-491B-A38A-A57CA07F8CAA}"
EndProject
Project("{2150E333-8FDC-42A3-9474-1A3956D46DE8}") = "Struct", "Struct", "{4239C1B6-426E-45BB-AF82-5021C5041E9C}"
EndProject
Project("{9A19103F-16F7-4668-BE54-9A1E7A4F7556}") = "Adapter", "Adapter\Adapter.csproj", "{83C6DDB1-0F14-4961-94F2-43EADC0C868E}"
EndProject
Project("{2150E333-8FDC-42A3-9474-1A3956D46DE8}") = "MyImplements", "MyImplements", "{AAC1BB7E-0D29-4BC9-BF1F-D660B67A36D6}"
EndProject
Project("{9A19103F-16F7-4668-BE54-9A1E7A4F7556}") = "MyAdapter", "MyAdapter\MyAdapter.csproj", "{EEA18C4A-CDF2-40A7-96EB-157E1A63E6BE}"
EndProject
Project("{9A19103F-16F7-4668-BE54-9A1E7A4F7556}") = "Decorator", "Decorator\Decorator.csproj", "{F2D55CE6-CC6B-4380-A85A-BD0A169B7548}"
EndProject
Project("{9A19103F-16F7-4668-BE54-9A1E7A4F7556}") = "MyDecorator", "MyDecorator\MyDecorator.csproj", "{E819D0D8-27D9-499B-80F8-43A6DECA7A35}"
EndProject
Project("{9A19103F-16F7-4668-BE54-9A1E7A4F7556}") = "MyNotifyDecorator", "MyNotifyAdapter\MyNotifyDecorator.csproj", "{01F38546-4A03-479D-A087-C039B84AB641}"
EndProject
Project("{9A19103F-16F7-4668-BE54-9A1E7A4F7556}") = "Facade", "Facade\Facade.csproj", "{BC5E172E-2FAC-4683-BD92-606AFC95888D}"
EndProject
Project("{9A19103F-16F7-4668-BE54-9A1E7A4F7556}") = "MyFacade", "MyFacade\MyFacade.csproj", "{AE9CB3DD-0620-4615-852E-32B688202C48}"
EndProject
Project("{FAE04EC0-301F-11D3-BF4B-00C04F79EFBC}") = "CarsFactoryMethod", "CarsFactoryMethod\CarsFactoryMethod.csproj", "{2D95A758-92C7-46B0-B83D-590211CA95BC}"
EndProject
Global
	GlobalSection(SolutionConfigurationPlatforms) = preSolution
		Debug|Any CPU = Debug|Any CPU
		Release|Any CPU = Release|Any CPU
	EndGlobalSection
	GlobalSection(ProjectConfigurationPlatforms) = postSolution
		{31672E6C-D194-4626-8B85-10E53A44BE1B}.Debug|Any CPU.ActiveCfg = Debug|Any CPU
		{31672E6C-D194-4626-8B85-10E53A44BE1B}.Debug|Any CPU.Build.0 = Debug|Any CPU
		{31672E6C-D194-4626-8B85-10E53A44BE1B}.Release|Any CPU.ActiveCfg = Release|Any CPU
		{31672E6C-D194-4626-8B85-10E53A44BE1B}.Release|Any CPU.Build.0 = Release|Any CPU
		{C6D81DAE-20D9-4BB4-A31E-3C1500A0BFE7}.Debug|Any CPU.ActiveCfg = Debug|Any CPU
		{C6D81DAE-20D9-4BB4-A31E-3C1500A0BFE7}.Debug|Any CPU.Build.0 = Debug|Any CPU
		{C6D81DAE-20D9-4BB4-A31E-3C1500A0BFE7}.Release|Any CPU.ActiveCfg = Release|Any CPU
		{C6D81DAE-20D9-4BB4-A31E-3C1500A0BFE7}.Release|Any CPU.Build.0 = Release|Any CPU
		{4E7080C0-3F80-4F90-B53D-622018FAA0BF}.Debug|Any CPU.ActiveCfg = Debug|Any CPU
		{4E7080C0-3F80-4F90-B53D-622018FAA0BF}.Debug|Any CPU.Build.0 = Debug|Any CPU
		{4E7080C0-3F80-4F90-B53D-622018FAA0BF}.Release|Any CPU.ActiveCfg = Release|Any CPU
		{4E7080C0-3F80-4F90-B53D-622018FAA0BF}.Release|Any CPU.Build.0 = Release|Any CPU
		{87938575-76F9-419B-BBA8-59780DB7D3E2}.Debug|Any CPU.ActiveCfg = Debug|Any CPU
		{87938575-76F9-419B-BBA8-59780DB7D3E2}.Debug|Any CPU.Build.0 = Debug|Any CPU
		{87938575-76F9-419B-BBA8-59780DB7D3E2}.Release|Any CPU.ActiveCfg = Release|Any CPU
		{87938575-76F9-419B-BBA8-59780DB7D3E2}.Release|Any CPU.Build.0 = Release|Any CPU
		{A079A867-B052-436E-A118-6F92CE0A5D31}.Debug|Any CPU.ActiveCfg = Debug|Any CPU
		{A079A867-B052-436E-A118-6F92CE0A5D31}.Debug|Any CPU.Build.0 = Debug|Any CPU
		{A079A867-B052-436E-A118-6F92CE0A5D31}.Release|Any CPU.ActiveCfg = Release|Any CPU
		{A079A867-B052-436E-A118-6F92CE0A5D31}.Release|Any CPU.Build.0 = Release|Any CPU
		{94F444BD-6F37-4B07-8ED0-618F51BC3BFC}.Debug|Any CPU.ActiveCfg = Debug|Any CPU
		{94F444BD-6F37-4B07-8ED0-618F51BC3BFC}.Debug|Any CPU.Build.0 = Debug|Any CPU
		{94F444BD-6F37-4B07-8ED0-618F51BC3BFC}.Release|Any CPU.ActiveCfg = Release|Any CPU
		{94F444BD-6F37-4B07-8ED0-618F51BC3BFC}.Release|Any CPU.Build.0 = Release|Any CPU
		{C3C3FD04-0DAD-454F-8C54-1B4A4C862E50}.Debug|Any CPU.ActiveCfg = Debug|Any CPU
		{C3C3FD04-0DAD-454F-8C54-1B4A4C862E50}.Debug|Any CPU.Build.0 = Debug|Any CPU
		{C3C3FD04-0DAD-454F-8C54-1B4A4C862E50}.Release|Any CPU.ActiveCfg = Release|Any CPU
		{C3C3FD04-0DAD-454F-8C54-1B4A4C862E50}.Release|Any CPU.Build.0 = Release|Any CPU
		{0C03EB2A-FB26-42D1-BE7F-AEE70685EEFD}.Debug|Any CPU.ActiveCfg = Debug|Any CPU
		{0C03EB2A-FB26-42D1-BE7F-AEE70685EEFD}.Debug|Any CPU.Build.0 = Debug|Any CPU
		{0C03EB2A-FB26-42D1-BE7F-AEE70685EEFD}.Release|Any CPU.ActiveCfg = Release|Any CPU
		{0C03EB2A-FB26-42D1-BE7F-AEE70685EEFD}.Release|Any CPU.Build.0 = Release|Any CPU
		{B8F14155-6A2E-462E-97D8-FFA9E949B5F4}.Debug|Any CPU.ActiveCfg = Debug|Any CPU
		{B8F14155-6A2E-462E-97D8-FFA9E949B5F4}.Debug|Any CPU.Build.0 = Debug|Any CPU
		{B8F14155-6A2E-462E-97D8-FFA9E949B5F4}.Release|Any CPU.ActiveCfg = Release|Any CPU
		{B8F14155-6A2E-462E-97D8-FFA9E949B5F4}.Release|Any CPU.Build.0 = Release|Any CPU
		{C9817CFC-4209-4E5D-9490-FCCBAC875556}.Debug|Any CPU.ActiveCfg = Debug|Any CPU
		{C9817CFC-4209-4E5D-9490-FCCBAC875556}.Debug|Any CPU.Build.0 = Debug|Any CPU
		{C9817CFC-4209-4E5D-9490-FCCBAC875556}.Release|Any CPU.ActiveCfg = Release|Any CPU
		{C9817CFC-4209-4E5D-9490-FCCBAC875556}.Release|Any CPU.Build.0 = Release|Any CPU
		{7EF4110D-A560-491B-A38A-A57CA07F8CAA}.Debug|Any CPU.ActiveCfg = Debug|Any CPU
		{7EF4110D-A560-491B-A38A-A57CA07F8CAA}.Debug|Any CPU.Build.0 = Debug|Any CPU
		{7EF4110D-A560-491B-A38A-A57CA07F8CAA}.Release|Any CPU.ActiveCfg = Release|Any CPU
		{7EF4110D-A560-491B-A38A-A57CA07F8CAA}.Release|Any CPU.Build.0 = Release|Any CPU
		{83C6DDB1-0F14-4961-94F2-43EADC0C868E}.Debug|Any CPU.ActiveCfg = Debug|Any CPU
		{83C6DDB1-0F14-4961-94F2-43EADC0C868E}.Debug|Any CPU.Build.0 = Debug|Any CPU
		{83C6DDB1-0F14-4961-94F2-43EADC0C868E}.Release|Any CPU.ActiveCfg = Release|Any CPU
		{83C6DDB1-0F14-4961-94F2-43EADC0C868E}.Release|Any CPU.Build.0 = Release|Any CPU
		{EEA18C4A-CDF2-40A7-96EB-157E1A63E6BE}.Debug|Any CPU.ActiveCfg = Debug|Any CPU
		{EEA18C4A-CDF2-40A7-96EB-157E1A63E6BE}.Debug|Any CPU.Build.0 = Debug|Any CPU
		{EEA18C4A-CDF2-40A7-96EB-157E1A63E6BE}.Release|Any CPU.ActiveCfg = Release|Any CPU
		{EEA18C4A-CDF2-40A7-96EB-157E1A63E6BE}.Release|Any CPU.Build.0 = Release|Any CPU
		{F2D55CE6-CC6B-4380-A85A-BD0A169B7548}.Debug|Any CPU.ActiveCfg = Debug|Any CPU
		{F2D55CE6-CC6B-4380-A85A-BD0A169B7548}.Debug|Any CPU.Build.0 = Debug|Any CPU
		{F2D55CE6-CC6B-4380-A85A-BD0A169B7548}.Release|Any CPU.ActiveCfg = Release|Any CPU
		{F2D55CE6-CC6B-4380-A85A-BD0A169B7548}.Release|Any CPU.Build.0 = Release|Any CPU
		{E819D0D8-27D9-499B-80F8-43A6DECA7A35}.Debug|Any CPU.ActiveCfg = Debug|Any CPU
		{E819D0D8-27D9-499B-80F8-43A6DECA7A35}.Debug|Any CPU.Build.0 = Debug|Any CPU
		{E819D0D8-27D9-499B-80F8-43A6DECA7A35}.Release|Any CPU.ActiveCfg = Release|Any CPU
		{E819D0D8-27D9-499B-80F8-43A6DECA7A35}.Release|Any CPU.Build.0 = Release|Any CPU
		{01F38546-4A03-479D-A087-C039B84AB641}.Debug|Any CPU.ActiveCfg = Debug|Any CPU
		{01F38546-4A03-479D-A087-C039B84AB641}.Debug|Any CPU.Build.0 = Debug|Any CPU
		{01F38546-4A03-479D-A087-C039B84AB641}.Release|Any CPU.ActiveCfg = Release|Any CPU
		{01F38546-4A03-479D-A087-C039B84AB641}.Release|Any CPU.Build.0 = Release|Any CPU
		{BC5E172E-2FAC-4683-BD92-606AFC95888D}.Debug|Any CPU.ActiveCfg = Debug|Any CPU
		{BC5E172E-2FAC-4683-BD92-606AFC95888D}.Debug|Any CPU.Build.0 = Debug|Any CPU
		{BC5E172E-2FAC-4683-BD92-606AFC95888D}.Release|Any CPU.ActiveCfg = Release|Any CPU
		{BC5E172E-2FAC-4683-BD92-606AFC95888D}.Release|Any CPU.Build.0 = Release|Any CPU
		{AE9CB3DD-0620-4615-852E-32B688202C48}.Debug|Any CPU.ActiveCfg = Debug|Any CPU
		{AE9CB3DD-0620-4615-852E-32B688202C48}.Debug|Any CPU.Build.0 = Debug|Any CPU
		{AE9CB3DD-0620-4615-852E-32B688202C48}.Release|Any CPU.ActiveCfg = Release|Any CPU
		{AE9CB3DD-0620-4615-852E-32B688202C48}.Release|Any CPU.Build.0 = Release|Any CPU
		{2D95A758-92C7-46B0-B83D-590211CA95BC}.Debug|Any CPU.ActiveCfg = Debug|Any CPU
		{2D95A758-92C7-46B0-B83D-590211CA95BC}.Debug|Any CPU.Build.0 = Debug|Any CPU
		{2D95A758-92C7-46B0-B83D-590211CA95BC}.Release|Any CPU.ActiveCfg = Release|Any CPU
		{2D95A758-92C7-46B0-B83D-590211CA95BC}.Release|Any CPU.Build.0 = Release|Any CPU
	EndGlobalSection
	GlobalSection(SolutionProperties) = preSolution
		HideSolutionNode = FALSE
	EndGlobalSection
	GlobalSection(NestedProjects) = preSolution
		{C6D81DAE-20D9-4BB4-A31E-3C1500A0BFE7} = {54B7452F-69A7-4DFF-A80F-2781497AEED5}
		{4E7080C0-3F80-4F90-B53D-622018FAA0BF} = {54B7452F-69A7-4DFF-A80F-2781497AEED5}
		{87938575-76F9-419B-BBA8-59780DB7D3E2} = {54B7452F-69A7-4DFF-A80F-2781497AEED5}
		{A079A867-B052-436E-A118-6F92CE0A5D31} = {54B7452F-69A7-4DFF-A80F-2781497AEED5}
		{94F444BD-6F37-4B07-8ED0-618F51BC3BFC} = {54B7452F-69A7-4DFF-A80F-2781497AEED5}
		{936363FE-DD56-4D6E-B070-B7F6B8E93785} = {54B7452F-69A7-4DFF-A80F-2781497AEED5}
		{C3C3FD04-0DAD-454F-8C54-1B4A4C862E50} = {936363FE-DD56-4D6E-B070-B7F6B8E93785}
		{0C03EB2A-FB26-42D1-BE7F-AEE70685EEFD} = {936363FE-DD56-4D6E-B070-B7F6B8E93785}
		{B8F14155-6A2E-462E-97D8-FFA9E949B5F4} = {936363FE-DD56-4D6E-B070-B7F6B8E93785}
		{C9817CFC-4209-4E5D-9490-FCCBAC875556} = {936363FE-DD56-4D6E-B070-B7F6B8E93785}
		{7EF4110D-A560-491B-A38A-A57CA07F8CAA} = {936363FE-DD56-4D6E-B070-B7F6B8E93785}
		{83C6DDB1-0F14-4961-94F2-43EADC0C868E} = {4239C1B6-426E-45BB-AF82-5021C5041E9C}
		{AAC1BB7E-0D29-4BC9-BF1F-D660B67A36D6} = {4239C1B6-426E-45BB-AF82-5021C5041E9C}
		{EEA18C4A-CDF2-40A7-96EB-157E1A63E6BE} = {AAC1BB7E-0D29-4BC9-BF1F-D660B67A36D6}
		{F2D55CE6-CC6B-4380-A85A-BD0A169B7548} = {4239C1B6-426E-45BB-AF82-5021C5041E9C}
		{E819D0D8-27D9-499B-80F8-43A6DECA7A35} = {AAC1BB7E-0D29-4BC9-BF1F-D660B67A36D6}
		{01F38546-4A03-479D-A087-C039B84AB641} = {AAC1BB7E-0D29-4BC9-BF1F-D660B67A36D6}
		{BC5E172E-2FAC-4683-BD92-606AFC95888D} = {4239C1B6-426E-45BB-AF82-5021C5041E9C}
		{AE9CB3DD-0620-4615-852E-32B688202C48} = {AAC1BB7E-0D29-4BC9-BF1F-D660B67A36D6}
		{2D95A758-92C7-46B0-B83D-590211CA95BC} = {936363FE-DD56-4D6E-B070-B7F6B8E93785}
	EndGlobalSection
	GlobalSection(ExtensibilityGlobals) = postSolution
		SolutionGuid = {5E7907B7-CF1E-4946-8B39-7AF080093A3B}
	EndGlobalSection
EndGlobal
