
Microsoft Visual Studio Solution File, Format Version 12.00
# Visual Studio 15
VisualStudioVersion = 15.0.28307.271
MinimumVisualStudioVersion = 10.0.40219.1
Project("{FAE04EC0-301F-11D3-BF4B-00C04F79EFBC}") = "pat", "pat\pat.csproj", "{31672E6C-D194-4626-8B85-10E53A44BE1B}"
EndProject
Global
	GlobalSection(SolutionConfigurationPlatforms) = preSolution
		Debug|Any CPU = Debug|Any CPU
		Release|Any CPU = Release|Any CPU
	EndGlobalSection
	GlobalSection(ProjectConfigurationPlatforms) = postSolution
		{31672E6C-D194-4626-8B85-10E53A44BE1B}.Debug|Any CPU.ActiveCfg = Debug|Any CPU
		{31672E6C-D194-4626-8B85-10E53A44BE1B}.Debug|Any CPU.Build.0 = Debug|Any CPU
		{31672E6C-D194-4626-8B85-10E53A44BE1B}.Release|Any CPU.ActiveCfg = Release|Any CPU
		{31672E6C-D194-4626-8B85-10E53A44BE1B}.Release|Any CPU.Build.0 = Release|Any CPU
	EndGlobalSection
	GlobalSection(SolutionProperties) = preSolution
		HideSolutionNode = FALSE
	EndGlobalSection
	GlobalSection(ExtensibilityGlobals) = postSolution
		SolutionGuid = {5E7907B7-CF1E-4946-8B39-7AF080093A3B}
	EndGlobalSection
EndGlobal
